// !$*UTF8*$!
{
	archiveVersion = 1;
	classes = {
	};
	objectVersion = 46;
	objects = {

/* Begin PBXBuildFile section */
		9499CB461F32343C0048AA19 /* AppDelegate.swift in Sources */ = {isa = PBXBuildFile; fileRef = 9499CB451F32343C0048AA19 /* AppDelegate.swift */; };
		9499CB481F32343C0048AA19 /* ViewController.swift in Sources */ = {isa = PBXBuildFile; fileRef = 9499CB471F32343C0048AA19 /* ViewController.swift */; };
		9499CB4B1F32343C0048AA19 /* Main.storyboard in Resources */ = {isa = PBXBuildFile; fileRef = 9499CB491F32343C0048AA19 /* Main.storyboard */; };
		9499CB4D1F32343C0048AA19 /* Assets.xcassets in Resources */ = {isa = PBXBuildFile; fileRef = 9499CB4C1F32343C0048AA19 /* Assets.xcassets */; };
		9499CB501F32343C0048AA19 /* LaunchScreen.storyboard in Resources */ = {isa = PBXBuildFile; fileRef = 9499CB4E1F32343C0048AA19 /* LaunchScreen.storyboard */; };
		9499CB581F324AEF0048AA19 /* Flashcards.swift in Sources */ = {isa = PBXBuildFile; fileRef = 9499CB571F324AEF0048AA19 /* Flashcards.swift */; };
/* End PBXBuildFile section */

/* Begin PBXFileReference section */
		9499CB421F32343C0048AA19 /* Flashcard.app */ = {isa = PBXFileReference; explicitFileType = wrapper.application; includeInIndex = 0; path = Flashcard.app; sourceTree = BUILT_PRODUCTS_DIR; };
		9499CB451F32343C0048AA19 /* AppDelegate.swift */ = {isa = PBXFileReference; lastKnownFileType = sourcecode.swift; path = AppDelegate.swift; sourceTree = "<group>"; };
		9499CB471F32343C0048AA19 /* ViewController.swift */ = {isa = PBXFileReference; lastKnownFileType = sourcecode.swift; path = ViewController.swift; sourceTree = "<group>"; };
		9499CB4A1F32343C0048AA19 /* Base */ = {isa = PBXFileReference; lastKnownFileType = file.storyboard; name = Base; path = Base.lproj/Main.storyboard; sourceTree = "<group>"; };
		9499CB4C1F32343C0048AA19 /* Assets.xcassets */ = {isa = PBXFileReference; lastKnownFileType = folder.assetcatalog; path = Assets.xcassets; sourceTree = "<group>"; };
		9499CB4F1F32343C0048AA19 /* Base */ = {isa = PBXFileReference; lastKnownFileType = file.storyboard; name = Base; path = Base.lproj/LaunchScreen.storyboard; sourceTree = "<group>"; };
		9499CB511F32343C0048AA19 /* Info.plist */ = {isa = PBXFileReference; lastKnownFileType = text.plist.xml; path = Info.plist; sourceTree = "<group>"; };
		9499CB571F324AEF0048AA19 /* Flashcards.swift */ = {isa = PBXFileReference; fileEncoding = 4; lastKnownFileType = sourcecode.swift; path = Flashcards.swift; sourceTree = "<group>"; };
/* End PBXFileReference section */

/* Begin PBXFrameworksBuildPhase section */
		9499CB3F1F32343C0048AA19 /* Frameworks */ = {
			isa = PBXFrameworksBuildPhase;
			buildActionMask = 2147483647;
			files = (
			);
			runOnlyForDeploymentPostprocessing = 0;
		};
/* End PBXFrameworksBuildPhase section */

/* Begin PBXGroup section */
		9499CB391F32343C0048AA19 = {
			isa = PBXGroup;
			children = (
				9499CB441F32343C0048AA19 /* Flashcard */,
				9499CB431F32343C0048AA19 /* Products */,
			);
			sourceTree = "<group>";
		};
		9499CB431F32343C0048AA19 /* Products */ = {
			isa = PBXGroup;
			children = (
				9499CB421F32343C0048AA19 /* Flashcard.app */,
			);
			name = Products;
			sourceTree = "<group>";
		};
		9499CB441F32343C0048AA19 /* Flashcard */ = {
			isa = PBXGroup;
			children = (
				9499CB451F32343C0048AA19 /* AppDelegate.swift */,
				9499CB471F32343C0048AA19 /* ViewController.swift */,
				9499CB491F32343C0048AA19 /* Main.storyboard */,
				9499CB571F324AEF0048AA19 /* Flashcards.swift */,
				9499CB4C1F32343C0048AA19 /* Assets.xcassets */,
				9499CB4E1F32343C0048AA19 /* LaunchScreen.storyboard */,
				9499CB511F32343C0048AA19 /* Info.plist */,
			);
			path = Flashcard;
			sourceTree = "<group>";
		};
/* End PBXGroup section */

/* Begin PBXNativeTarget section */
		9499CB411F32343C0048AA19 /* Flashcard */ = {
			isa = PBXNativeTarget;
			buildConfigurationList = 9499CB541F32343C0048AA19 /* Build configuration list for PBXNativeTarget "Flashcard" */;
			buildPhases = (
				9499CB3E1F32343C0048AA19 /* Sources */,
				9499CB3F1F32343C0048AA19 /* Frameworks */,
				9499CB401F32343C0048AA19 /* Resources */,
			);
			buildRules = (
			);
			dependencies = (
			);
			name = Flashcard;
			productName = Flashcard;
			productReference = 9499CB421F32343C0048AA19 /* Flashcard.app */;
			productType = "com.apple.product-type.application";
		};
/* End PBXNativeTarget section */

/* Begin PBXProject section */
		9499CB3A1F32343C0048AA19 /* Project object */ = {
			isa = PBXProject;
			attributes = {
				LastSwiftUpdateCheck = 0830;
				LastUpgradeCheck = 0830;
				ORGANIZATIONNAME = "iD Tech";
				TargetAttributes = {
					9499CB411F32343C0048AA19 = {
						CreatedOnToolsVersion = 8.3.1;
						ProvisioningStyle = Automatic;
					};
				};
			};
			buildConfigurationList = 9499CB3D1F32343C0048AA19 /* Build configuration list for PBXProject "Flashcard" */;
			compatibilityVersion = "Xcode 3.2";
			developmentRegion = English;
			hasScannedForEncodings = 0;
			knownRegions = (
				en,
				Base,
			);
			mainGroup = 9499CB391F32343C0048AA19;
			productRefGroup = 9499CB431F32343C0048AA19 /* Products */;
			projectDirPath = "";
			projectRoot = "";
			targets = (
				9499CB411F32343C0048AA19 /* Flashcard */,
			);
		};
/* End PBXProject section */

/* Begin PBXResourcesBuildPhase section */
		9499CB401F32343C0048AA19 /* Resources */ = {
			isa = PBXResourcesBuildPhase;
			buildActionMask = 2147483647;
			files = (
				9499CB501F32343C0048AA19 /* LaunchScreen.storyboard in Resources */,
				9499CB4D1F32343C0048AA19 /* Assets.xcassets in Resources */,
				9499CB4B1F32343C0048AA19 /* Main.storyboard in Resources */,
			);
			runOnlyForDeploymentPostprocessing = 0;
		};
/* End PBXResourcesBuildPhase section */

/* Begin PBXSourcesBuildPhase section */
		9499CB3E1F32343C0048AA19 /* Sources */ = {
			isa = PBXSourcesBuildPhase;
			buildActionMask = 2147483647;
			files = (
				9499CB581F324AEF0048AA19 /* Flashcards.swift in Sources */,
				9499CB481F32343C0048AA19 /* ViewController.swift in Sources */,
				9499CB461F32343C0048AA19 /* AppDelegate.swift in Sources */,
			);
			runOnlyForDeploymentPostprocessing = 0;
		};
/* End PBXSourcesBuildPhase section */

/* Begin PBXVariantGroup section */
		9499CB491F32343C0048AA19 /* Main.storyboard */ = {
			isa = PBXVariantGroup;
			children = (
				9499CB4A1F32343C0048AA19 /* Base */,
			);
			name = Main.storyboard;
			sourceTree = "<group>";
		};
		9499CB4E1F32343C0048AA19 /* LaunchScreen.storyboard */ = {
			isa = PBXVariantGroup;
			children = (
				9499CB4F1F32343C0048AA19 /* Base */,
			);
			name = LaunchScreen.storyboard;
			sourceTree = "<group>";
		};
/* End PBXVariantGroup section */

/* Begin XCBuildConfiguration section */
		9499CB521F32343C0048AA19 /* Debug */ = {
			isa = XCBuildConfiguration;
			buildSettings = {
				ALWAYS_SEARCH_USER_PATHS = NO;
				CLANG_ANALYZER_NONNULL = YES;
				CLANG_ANALYZER_NUMBER_OBJECT_CONVERSION = YES_AGGRESSIVE;
				CLANG_CXX_LANGUAGE_STANDARD = "gnu++0x";
				CLANG_CXX_LIBRARY = "libc++";
				CLANG_ENABLE_MODULES = YES;
				CLANG_ENABLE_OBJC_ARC = YES;
				CLANG_WARN_BOOL_CONVERSION = YES;
				CLANG_WARN_CONSTANT_CONVERSION = YES;
				CLANG_WARN_DIRECT_OBJC_ISA_USAGE = YES_ERROR;
				CLANG_WARN_DOCUMENTATION_COMMENTS = YES;
				CLANG_WARN_EMPTY_BODY = YES;
				CLANG_WARN_ENUM_CONVERSION = YES;
				CLANG_WARN_INFINITE_RECURSION = YES;
				CLANG_WARN_INT_CONVERSION = YES;
				CLANG_WARN_OBJC_ROOT_CLASS = YES_ERROR;
				CLANG_WARN_SUSPICIOUS_MOVE = YES;
				CLANG_WARN_UNREACHABLE_CODE = YES;
				CLANG_WARN__DUPLICATE_METHOD_MATCH = YES;
				"CODE_SIGN_IDENTITY[sdk=iphoneos*]" = "iPhone Developer";
				COPY_PHASE_STRIP = NO;
				DEBUG_INFORMATION_FORMAT = dwarf;
				ENABLE_STRICT_OBJC_MSGSEND = YES;
				ENABLE_TESTABILITY = YES;
				GCC_C_LANGUAGE_STANDARD = gnu99;
				GCC_DYNAMIC_NO_PIC = NO;
				GCC_NO_COMMON_BLOCKS = YES;
				GCC_OPTIMIZATION_LEVEL = 0;
				GCC_PREPROCESSOR_DEFINITIONS = (
					"DEBUG=1",
					"$(inherited)",
				);
				GCC_WARN_64_TO_32_BIT_CONVERSION = YES;
				GCC_WARN_ABOUT_RETURN_TYPE = YES_ERROR;
				GCC_WARN_UNDECLARED_SELECTOR = YES;
				GCC_WARN_UNINITIALIZED_AUTOS = YES_AGGRESSIVE;
				GCC_WARN_UNUSED_FUNCTION = YES;
				GCC_WARN_UNUSED_VARIABLE = YES;
				IPHONEOS_DEPLOYMENT_TARGET = 10.3;
				MTL_ENABLE_DEBUG_INFO = YES;
				ONLY_ACTIVE_ARCH = YES;
				SDKROOT = iphoneos;
				SWIFT_ACTIVE_COMPILATION_CONDITIONS = DEBUG;
				SWIFT_OPTIMIZATION_LEVEL = "-Onone";
				TARGETED_DEVICE_FAMILY = "1,2";
			};
			name = Debug;
		};
		9499CB531F32343C0048AA19 /* Release */ = {
			isa = XCBuildConfiguration;
			buildSettings = {
				ALWAYS_SEARCH_USER_PATHS = NO;
				CLANG_ANALYZER_NONNULL = YES;
				CLANG_ANALYZER_NUMBER_OBJECT_CONVERSION = YES_AGGRESSIVE;
				CLANG_CXX_LANGUAGE_STANDARD = "gnu++0x";
				CLANG_CXX_LIBRARY = "libc++";
				CLANG_ENABLE_MODULES = YES;
				CLANG_ENABLE_OBJC_ARC = YES;
				CLANG_WARN_BOOL_CONVERSION = YES;
				CLANG_WARN_CONSTANT_CONVERSION = YES;
				CLANG_WARN_DIRECT_OBJC_ISA_USAGE = YES_ERROR;
				CLANG_WARN_DOCUMENTATION_COMMENTS = YES;
				CLANG_WARN_EMPTY_BODY = YES;
				CLANG_WARN_ENUM_CONVERSION = YES;
				CLANG_WARN_INFINITE_RECURSION = YES;
				CLANG_WARN_INT_CONVERSION = YES;
				CLANG_WARN_OBJC_ROOT_CLASS = YES_ERROR;
				CLANG_WARN_SUSPICIOUS_MOVE = YES;
				CLANG_WARN_UNREACHABLE_CODE = YES;
				CLANG_WARN__DUPLICATE_METHOD_MATCH = YES;
				"CODE_SIGN_IDENTITY[sdk=iphoneos*]" = "iPhone Developer";
				COPY_PHASE_STRIP = NO;
				DEBUG_INFORMATION_FORMAT = "dwarf-with-dsym";
				ENABLE_NS_ASSERTIONS = NO;
				ENABLE_STRICT_OBJC_MSGSEND = YES;
				GCC_C_LANGUAGE_STANDARD = gnu99;
				GCC_NO_COMMON_BLOCKS = YES;
				GCC_WARN_64_TO_32_BIT_CONVERSION = YES;
				GCC_WARN_ABOUT_RETURN_TYPE = YES_ERROR;
				GCC_WARN_UNDECLARED_SELECTOR = YES;
				GCC_WARN_UNINITIALIZED_AUTOS = YES_AGGRESSIVE;
				GCC_WARN_UNUSED_FUNCTION = YES;
				GCC_WARN_UNUSED_VARIABLE = YES;
				IPHONEOS_DEPLOYMENT_TARGET = 10.3;
				MTL_ENABLE_DEBUG_INFO = NO;
				SDKROOT = iphoneos;
				SWIFT_OPTIMIZATION_LEVEL = "-Owholemodule";
				TARGETED_DEVICE_FAMILY = "1,2";
				VALIDATE_PRODUCT = YES;
			};
			name = Release;
		};
		9499CB551F32343C0048AA19 /* Debug */ = {
			isa = XCBuildConfiguration;
			buildSettings = {
				ASSETCATALOG_COMPILER_APPICON_NAME = AppIcon;
				INFOPLIST_FILE = Flashcard/Info.plist;
				LD_RUNPATH_SEARCH_PATHS = "$(inherited) @executable_path/Frameworks";
				PRODUCT_BUNDLE_IDENTIFIER = com.iDTech.Alexander.Flashcard;
				PRODUCT_NAME = "$(TARGET_NAME)";
				SWIFT_VERSION = 3.0;
			};
			name = Debug;
		};
		9499CB561F32343C0048AA19 /* Release */ = {
			isa = XCBuildConfiguration;
			buildSettings = {
				ASSETCATALOG_COMPILER_APPICON_NAME = AppIcon;
				INFOPLIST_FILE = Flashcard/Info.plist;
				LD_RUNPATH_SEARCH_PATHS = "$(inherited) @executable_path/Frameworks";
				PRODUCT_BUNDLE_IDENTIFIER = com.iDTech.Alexander.Flashcard;
				PRODUCT_NAME = "$(TARGET_NAME)";
				SWIFT_VERSION = 3.0;
			};
			name = Release;
		};
/* End XCBuildConfiguration section */

/* Begin XCConfigurationList section */
		9499CB3D1F32343C0048AA19 /* Build configuration list for PBXProject "Flashcard" */ = {
			isa = XCConfigurationList;
			buildConfigurations = (
				9499CB521F32343C0048AA19 /* Debug */,
				9499CB531F32343C0048AA19 /* Release */,
			);
			defaultConfigurationIsVisible = 0;
			defaultConfigurationName = Release;
		};
		9499CB541F32343C0048AA19 /* Build configuration list for PBXNativeTarget "Flashcard" */ = {
			isa = XCConfigurationList;
			buildConfigurations = (
				9499CB551F32343C0048AA19 /* Debug */,
				9499CB561F32343C0048AA19 /* Release */,
			);
			defaultConfigurationIsVisible = 0;
		};
/* End XCConfigurationList section */
	};
	rootObject = 9499CB3A1F32343C0048AA19 /* Project object */;
}
